
Microsoft Visual Studio Solution File, Format Version 12.00
# Visual Studio 15
VisualStudioVersion = 15.0.27703.2026
MinimumVisualStudioVersion = 10.0.40219.1
Project("{FAE04EC0-301F-11D3-BF4B-00C04F79EFBC}") = "CoZ", "CoZ\CoZ.csproj", "{D8E0BAAA-1272-4E84-B347-41D971CC6C05}"
EndProject
Project("{FAE04EC0-301F-11D3-BF4B-00C04F79EFBC}") = "CoZ.Tests", "CoZ.Tests\CoZ.Tests.csproj", "{B31158BF-856F-4632-854C-EDE1196AF846}"
EndProject
Global
	GlobalSection(SolutionConfigurationPlatforms) = preSolution
		Debug|Any CPU = Debug|Any CPU
		Release|Any CPU = Release|Any CPU
	EndGlobalSection
	GlobalSection(ProjectConfigurationPlatforms) = postSolution
		{D8E0BAAA-1272-4E84-B347-41D971CC6C05}.Debug|Any CPU.ActiveCfg = Debug|Any CPU
		{D8E0BAAA-1272-4E84-B347-41D971CC6C05}.Debug|Any CPU.Build.0 = Debug|Any CPU
		{D8E0BAAA-1272-4E84-B347-41D971CC6C05}.Release|Any CPU.ActiveCfg = Release|Any CPU
		{D8E0BAAA-1272-4E84-B347-41D971CC6C05}.Release|Any CPU.Build.0 = Release|Any CPU
		{B31158BF-856F-4632-854C-EDE1196AF846}.Debug|Any CPU.ActiveCfg = Debug|Any CPU
		{B31158BF-856F-4632-854C-EDE1196AF846}.Debug|Any CPU.Build.0 = Debug|Any CPU
		{B31158BF-856F-4632-854C-EDE1196AF846}.Release|Any CPU.ActiveCfg = Release|Any CPU
		{B31158BF-856F-4632-854C-EDE1196AF846}.Release|Any CPU.Build.0 = Release|Any CPU
	EndGlobalSection
	GlobalSection(SolutionProperties) = preSolution
		HideSolutionNode = FALSE
	EndGlobalSection
	GlobalSection(ExtensibilityGlobals) = postSolution
		SolutionGuid = {042197E0-2671-449A-9F74-48DEF9E701D4}
	EndGlobalSection
EndGlobal
